// !$*UTF8*$!
{
	archiveVersion = 1;
	classes = {
	};
	objectVersion = 56;
	objects = {

/* Begin PBXBuildFile section */
		18167CB02AC13426009C4DB9 /* SearchBar.swift in Sources */ = {isa = PBXBuildFile; fileRef = 18167CAF2AC13426009C4DB9 /* SearchBar.swift */; };
		18167CB22AC1A9B4009C4DB9 /* FlickrSearchImageViewModel.swift in Sources */ = {isa = PBXBuildFile; fileRef = 18167CB12AC1A9B4009C4DB9 /* FlickrSearchImageViewModel.swift */; };
		18167CB42AC1AAF4009C4DB9 /* FlickrSearchImageRepository.swift in Sources */ = {isa = PBXBuildFile; fileRef = 18167CB32AC1AAF4009C4DB9 /* FlickrSearchImageRepository.swift */; };
		18167CB62AC1AC0B009C4DB9 /* FlickrSearchImageRequest.swift in Sources */ = {isa = PBXBuildFile; fileRef = 18167CB52AC1AC0B009C4DB9 /* FlickrSearchImageRequest.swift */; };
		18167CB92AC1B6AF009C4DB9 /* SearchedImages.swift in Sources */ = {isa = PBXBuildFile; fileRef = 18167CB82AC1B6AF009C4DB9 /* SearchedImages.swift */; };
		18167CBB2AC1B719009C4DB9 /* SearchedImageItem.swift in Sources */ = {isa = PBXBuildFile; fileRef = 18167CBA2AC1B719009C4DB9 /* SearchedImageItem.swift */; };
		18167CC12AC1BADB009C4DB9 /* SearchedImageDomainModel.swift in Sources */ = {isa = PBXBuildFile; fileRef = 18167CC02AC1BADA009C4DB9 /* SearchedImageDomainModel.swift */; };
		18167CCF2AC26DCA009C4DB9 /* TextView.swift in Sources */ = {isa = PBXBuildFile; fileRef = 18167CCE2AC26DCA009C4DB9 /* TextView.swift */; };
		18167CD22AC26F8E009C4DB9 /* Fonts.swift in Sources */ = {isa = PBXBuildFile; fileRef = 18167CD12AC26F8E009C4DB9 /* Fonts.swift */; };
		18167CD42AC2712D009C4DB9 /* Colors.swift in Sources */ = {isa = PBXBuildFile; fileRef = 18167CD32AC2712D009C4DB9 /* Colors.swift */; };
		18167CD62AC277BA009C4DB9 /* ImageCardView.swift in Sources */ = {isa = PBXBuildFile; fileRef = 18167CD52AC277BA009C4DB9 /* ImageCardView.swift */; };
		18167CD82AC27D06009C4DB9 /* ListEmptyView.swift in Sources */ = {isa = PBXBuildFile; fileRef = 18167CD72AC27D06009C4DB9 /* ListEmptyView.swift */; };
		18167CDC2AC2856A009C4DB9 /* FlickrSearchImageViewModelTests.swift in Sources */ = {isa = PBXBuildFile; fileRef = 18167CDB2AC2856A009C4DB9 /* FlickrSearchImageViewModelTests.swift */; };
		18167CEB2AC28CF4009C4DB9 /* AutoGeneratedMocks.swift in Sources */ = {isa = PBXBuildFile; fileRef = 18167CEA2AC28CF4009C4DB9 /* AutoGeneratedMocks.swift */; };
		18167CEF2AC294CC009C4DB9 /* FlickrDetailImageView.swift in Sources */ = {isa = PBXBuildFile; fileRef = 18167CEE2AC294CC009C4DB9 /* FlickrDetailImageView.swift */; };
		18167CF22AC294E6009C4DB9 /* FlickrDetailImageViewModel.swift in Sources */ = {isa = PBXBuildFile; fileRef = 18167CF12AC294E6009C4DB9 /* FlickrDetailImageViewModel.swift */; };
		18167CF62AC29819009C4DB9 /* FlickrDetailImageHostingController.swift in Sources */ = {isa = PBXBuildFile; fileRef = 18167CF52AC29819009C4DB9 /* FlickrDetailImageHostingController.swift */; };
		18167CF82AC29D96009C4DB9 /* CardDetailsView.swift in Sources */ = {isa = PBXBuildFile; fileRef = 18167CF72AC29D96009C4DB9 /* CardDetailsView.swift */; };
		18167CFA2AC2A1A2009C4DB9 /* TagView.swift in Sources */ = {isa = PBXBuildFile; fileRef = 18167CF92AC2A1A2009C4DB9 /* TagView.swift */; };
		18167CFD2AC2A653009C4DB9 /* String+Extension.swift in Sources */ = {isa = PBXBuildFile; fileRef = 18167CFC2AC2A653009C4DB9 /* String+Extension.swift */; };
		18A598F42AC1197800891394 /* AppDelegate.swift in Sources */ = {isa = PBXBuildFile; fileRef = 18A598F32AC1197800891394 /* AppDelegate.swift */; };
		18A598F62AC1197800891394 /* SceneDelegate.swift in Sources */ = {isa = PBXBuildFile; fileRef = 18A598F52AC1197800891394 /* SceneDelegate.swift */; };
		18A598FD2AC1197A00891394 /* Images.xcassets in Resources */ = {isa = PBXBuildFile; fileRef = 18A598FC2AC1197A00891394 /* Images.xcassets */; };
		18A599002AC1197A00891394 /* LaunchScreen.storyboard in Resources */ = {isa = PBXBuildFile; fileRef = 18A598FE2AC1197A00891394 /* LaunchScreen.storyboard */; };
		18A599152AC1197A00891394 /* FlickrSearchUITests.swift in Sources */ = {isa = PBXBuildFile; fileRef = 18A599142AC1197A00891394 /* FlickrSearchUITests.swift */; };
		18A599172AC1197A00891394 /* FlickrSearchUITestsLaunchTests.swift in Sources */ = {isa = PBXBuildFile; fileRef = 18A599162AC1197A00891394 /* FlickrSearchUITestsLaunchTests.swift */; };
		18A599272AC11B5200891394 /* Colors.xcassets in Resources */ = {isa = PBXBuildFile; fileRef = 18A599262AC11B5200891394 /* Colors.xcassets */; };
		18A5992A2AC11B8500891394 /* Localizable.strings in Resources */ = {isa = PBXBuildFile; fileRef = 18A5992C2AC11B8500891394 /* Localizable.strings */; };
		18A599302AC127EC00891394 /* FlickrSearchClientProtocol.swift in Sources */ = {isa = PBXBuildFile; fileRef = 18A5992F2AC127EC00891394 /* FlickrSearchClientProtocol.swift */; };
		18A599322AC1288900891394 /* FlickrSearchApiError.swift in Sources */ = {isa = PBXBuildFile; fileRef = 18A599312AC1288900891394 /* FlickrSearchApiError.swift */; };
		18A599342AC1291200891394 /* FlickrSearchApi.swift in Sources */ = {isa = PBXBuildFile; fileRef = 18A599332AC1291200891394 /* FlickrSearchApi.swift */; };
		18A599362AC1295400891394 /* FlickrSearchNetworkClient.swift in Sources */ = {isa = PBXBuildFile; fileRef = 18A599352AC1295400891394 /* FlickrSearchNetworkClient.swift */; };
		18A599392AC12A0800891394 /* Assets.swift in Sources */ = {isa = PBXBuildFile; fileRef = 18A599372AC12A0800891394 /* Assets.swift */; };
		18A5993A2AC12A0800891394 /* Strings.swift in Sources */ = {isa = PBXBuildFile; fileRef = 18A599382AC12A0800891394 /* Strings.swift */; };
		18A599402AC12C3A00891394 /* FlickrSearchImageCoordinator.swift in Sources */ = {isa = PBXBuildFile; fileRef = 18A5993F2AC12C3A00891394 /* FlickrSearchImageCoordinator.swift */; };
		18A599422AC12C7600891394 /* FlickrSearchImageHostingController.swift in Sources */ = {isa = PBXBuildFile; fileRef = 18A599412AC12C7600891394 /* FlickrSearchImageHostingController.swift */; };
		18A599442AC12CAE00891394 /* FlickrSearchImageView.swift in Sources */ = {isa = PBXBuildFile; fileRef = 18A599432AC12CAE00891394 /* FlickrSearchImageView.swift */; };
/* End PBXBuildFile section */

/* Begin PBXContainerItemProxy section */
		18A599072AC1197A00891394 /* PBXContainerItemProxy */ = {
			isa = PBXContainerItemProxy;
			containerPortal = 18A598E82AC1197800891394 /* Project object */;
			proxyType = 1;
			remoteGlobalIDString = 18A598EF2AC1197800891394;
			remoteInfo = FlickrSearch;
		};
		18A599112AC1197A00891394 /* PBXContainerItemProxy */ = {
			isa = PBXContainerItemProxy;
			containerPortal = 18A598E82AC1197800891394 /* Project object */;
			proxyType = 1;
			remoteGlobalIDString = 18A598EF2AC1197800891394;
			remoteInfo = FlickrSearch;
		};
/* End PBXContainerItemProxy section */

/* Begin PBXFileReference section */
		18167CAF2AC13426009C4DB9 /* SearchBar.swift */ = {isa = PBXFileReference; lastKnownFileType = sourcecode.swift; path = SearchBar.swift; sourceTree = "<group>"; };
		18167CB12AC1A9B4009C4DB9 /* FlickrSearchImageViewModel.swift */ = {isa = PBXFileReference; lastKnownFileType = sourcecode.swift; path = FlickrSearchImageViewModel.swift; sourceTree = "<group>"; };
		18167CB32AC1AAF4009C4DB9 /* FlickrSearchImageRepository.swift */ = {isa = PBXFileReference; lastKnownFileType = sourcecode.swift; path = FlickrSearchImageRepository.swift; sourceTree = "<group>"; };
		18167CB52AC1AC0B009C4DB9 /* FlickrSearchImageRequest.swift */ = {isa = PBXFileReference; lastKnownFileType = sourcecode.swift; path = FlickrSearchImageRequest.swift; sourceTree = "<group>"; };
		18167CB82AC1B6AF009C4DB9 /* SearchedImages.swift */ = {isa = PBXFileReference; lastKnownFileType = sourcecode.swift; path = SearchedImages.swift; sourceTree = "<group>"; };
		18167CBA2AC1B719009C4DB9 /* SearchedImageItem.swift */ = {isa = PBXFileReference; lastKnownFileType = sourcecode.swift; path = SearchedImageItem.swift; sourceTree = "<group>"; };
		18167CC02AC1BADA009C4DB9 /* SearchedImageDomainModel.swift */ = {isa = PBXFileReference; lastKnownFileType = sourcecode.swift; path = SearchedImageDomainModel.swift; sourceTree = "<group>"; };
		18167CCE2AC26DCA009C4DB9 /* TextView.swift */ = {isa = PBXFileReference; lastKnownFileType = sourcecode.swift; path = TextView.swift; sourceTree = "<group>"; };
		18167CD12AC26F8E009C4DB9 /* Fonts.swift */ = {isa = PBXFileReference; lastKnownFileType = sourcecode.swift; path = Fonts.swift; sourceTree = "<group>"; };
		18167CD32AC2712D009C4DB9 /* Colors.swift */ = {isa = PBXFileReference; lastKnownFileType = sourcecode.swift; path = Colors.swift; sourceTree = "<group>"; };
		18167CD52AC277BA009C4DB9 /* ImageCardView.swift */ = {isa = PBXFileReference; lastKnownFileType = sourcecode.swift; path = ImageCardView.swift; sourceTree = "<group>"; };
		18167CD72AC27D06009C4DB9 /* ListEmptyView.swift */ = {isa = PBXFileReference; lastKnownFileType = sourcecode.swift; path = ListEmptyView.swift; sourceTree = "<group>"; };
		18167CDB2AC2856A009C4DB9 /* FlickrSearchImageViewModelTests.swift */ = {isa = PBXFileReference; lastKnownFileType = sourcecode.swift; path = FlickrSearchImageViewModelTests.swift; sourceTree = "<group>"; };
		18167CEA2AC28CF4009C4DB9 /* AutoGeneratedMocks.swift */ = {isa = PBXFileReference; fileEncoding = 4; lastKnownFileType = sourcecode.swift; path = AutoGeneratedMocks.swift; sourceTree = "<group>"; };
		18167CEE2AC294CC009C4DB9 /* FlickrDetailImageView.swift */ = {isa = PBXFileReference; lastKnownFileType = sourcecode.swift; path = FlickrDetailImageView.swift; sourceTree = "<group>"; };
		18167CF12AC294E6009C4DB9 /* FlickrDetailImageViewModel.swift */ = {isa = PBXFileReference; lastKnownFileType = sourcecode.swift; path = FlickrDetailImageViewModel.swift; sourceTree = "<group>"; };
		18167CF52AC29819009C4DB9 /* FlickrDetailImageHostingController.swift */ = {isa = PBXFileReference; lastKnownFileType = sourcecode.swift; path = FlickrDetailImageHostingController.swift; sourceTree = "<group>"; };
		18167CF72AC29D96009C4DB9 /* CardDetailsView.swift */ = {isa = PBXFileReference; lastKnownFileType = sourcecode.swift; path = CardDetailsView.swift; sourceTree = "<group>"; };
		18167CF92AC2A1A2009C4DB9 /* TagView.swift */ = {isa = PBXFileReference; lastKnownFileType = sourcecode.swift; path = TagView.swift; sourceTree = "<group>"; };
		18167CFC2AC2A653009C4DB9 /* String+Extension.swift */ = {isa = PBXFileReference; lastKnownFileType = sourcecode.swift; path = "String+Extension.swift"; sourceTree = "<group>"; };
		18A598F02AC1197800891394 /* FlickrSearch.app */ = {isa = PBXFileReference; explicitFileType = wrapper.application; includeInIndex = 0; path = FlickrSearch.app; sourceTree = BUILT_PRODUCTS_DIR; };
		18A598F32AC1197800891394 /* AppDelegate.swift */ = {isa = PBXFileReference; lastKnownFileType = sourcecode.swift; path = AppDelegate.swift; sourceTree = "<group>"; };
		18A598F52AC1197800891394 /* SceneDelegate.swift */ = {isa = PBXFileReference; lastKnownFileType = sourcecode.swift; path = SceneDelegate.swift; sourceTree = "<group>"; };
		18A598FC2AC1197A00891394 /* Images.xcassets */ = {isa = PBXFileReference; lastKnownFileType = folder.assetcatalog; path = Images.xcassets; sourceTree = "<group>"; };
		18A598FF2AC1197A00891394 /* Base */ = {isa = PBXFileReference; lastKnownFileType = file.storyboard; name = Base; path = Base.lproj/LaunchScreen.storyboard; sourceTree = "<group>"; };
		18A599012AC1197A00891394 /* Info.plist */ = {isa = PBXFileReference; lastKnownFileType = text.plist.xml; path = Info.plist; sourceTree = "<group>"; };
		18A599062AC1197A00891394 /* FlickrSearchTests.xctest */ = {isa = PBXFileReference; explicitFileType = wrapper.cfbundle; includeInIndex = 0; path = FlickrSearchTests.xctest; sourceTree = BUILT_PRODUCTS_DIR; };
		18A599102AC1197A00891394 /* FlickrSearchUITests.xctest */ = {isa = PBXFileReference; explicitFileType = wrapper.cfbundle; includeInIndex = 0; path = FlickrSearchUITests.xctest; sourceTree = BUILT_PRODUCTS_DIR; };
		18A599142AC1197A00891394 /* FlickrSearchUITests.swift */ = {isa = PBXFileReference; lastKnownFileType = sourcecode.swift; path = FlickrSearchUITests.swift; sourceTree = "<group>"; };
		18A599162AC1197A00891394 /* FlickrSearchUITestsLaunchTests.swift */ = {isa = PBXFileReference; lastKnownFileType = sourcecode.swift; path = FlickrSearchUITestsLaunchTests.swift; sourceTree = "<group>"; };
		18A599262AC11B5200891394 /* Colors.xcassets */ = {isa = PBXFileReference; lastKnownFileType = folder.assetcatalog; path = Colors.xcassets; sourceTree = "<group>"; };
		18A5992B2AC11B8500891394 /* en */ = {isa = PBXFileReference; lastKnownFileType = text.plist.strings; name = en; path = en.lproj/Localizable.strings; sourceTree = "<group>"; };
		18A5992F2AC127EC00891394 /* FlickrSearchClientProtocol.swift */ = {isa = PBXFileReference; lastKnownFileType = sourcecode.swift; path = FlickrSearchClientProtocol.swift; sourceTree = "<group>"; };
		18A599312AC1288900891394 /* FlickrSearchApiError.swift */ = {isa = PBXFileReference; lastKnownFileType = sourcecode.swift; path = FlickrSearchApiError.swift; sourceTree = "<group>"; };
		18A599332AC1291200891394 /* FlickrSearchApi.swift */ = {isa = PBXFileReference; lastKnownFileType = sourcecode.swift; path = FlickrSearchApi.swift; sourceTree = "<group>"; };
		18A599352AC1295400891394 /* FlickrSearchNetworkClient.swift */ = {isa = PBXFileReference; lastKnownFileType = sourcecode.swift; path = FlickrSearchNetworkClient.swift; sourceTree = "<group>"; };
		18A599372AC12A0800891394 /* Assets.swift */ = {isa = PBXFileReference; fileEncoding = 4; lastKnownFileType = sourcecode.swift; path = Assets.swift; sourceTree = "<group>"; };
		18A599382AC12A0800891394 /* Strings.swift */ = {isa = PBXFileReference; fileEncoding = 4; lastKnownFileType = sourcecode.swift; path = Strings.swift; sourceTree = "<group>"; };
		18A5993F2AC12C3A00891394 /* FlickrSearchImageCoordinator.swift */ = {isa = PBXFileReference; lastKnownFileType = sourcecode.swift; path = FlickrSearchImageCoordinator.swift; sourceTree = "<group>"; };
		18A599412AC12C7600891394 /* FlickrSearchImageHostingController.swift */ = {isa = PBXFileReference; lastKnownFileType = sourcecode.swift; path = FlickrSearchImageHostingController.swift; sourceTree = "<group>"; };
		18A599432AC12CAE00891394 /* FlickrSearchImageView.swift */ = {isa = PBXFileReference; lastKnownFileType = sourcecode.swift; path = FlickrSearchImageView.swift; sourceTree = "<group>"; };
/* End PBXFileReference section */

/* Begin PBXFrameworksBuildPhase section */
		18A598ED2AC1197800891394 /* Frameworks */ = {
			isa = PBXFrameworksBuildPhase;
			buildActionMask = 2147483647;
			files = (
			);
			runOnlyForDeploymentPostprocessing = 0;
		};
		18A599032AC1197A00891394 /* Frameworks */ = {
			isa = PBXFrameworksBuildPhase;
			buildActionMask = 2147483647;
			files = (
			);
			runOnlyForDeploymentPostprocessing = 0;
		};
		18A5990D2AC1197A00891394 /* Frameworks */ = {
			isa = PBXFrameworksBuildPhase;
			buildActionMask = 2147483647;
			files = (
			);
			runOnlyForDeploymentPostprocessing = 0;
		};
/* End PBXFrameworksBuildPhase section */

/* Begin PBXGroup section */
		18167CAD2AC133FF009C4DB9 /* FlickrDS */ = {
			isa = PBXGroup;
			children = (
				18167CD02AC26F22009C4DB9 /* Tokens */,
				18167CAE2AC1340E009C4DB9 /* Components */,
			);
			path = FlickrDS;
			sourceTree = "<group>";
		};
		18167CAE2AC1340E009C4DB9 /* Components */ = {
			isa = PBXGroup;
			children = (
				18167CAF2AC13426009C4DB9 /* SearchBar.swift */,
				18167CCE2AC26DCA009C4DB9 /* TextView.swift */,
				18167CD52AC277BA009C4DB9 /* ImageCardView.swift */,
				18167CD72AC27D06009C4DB9 /* ListEmptyView.swift */,
				18167CF72AC29D96009C4DB9 /* CardDetailsView.swift */,
				18167CF92AC2A1A2009C4DB9 /* TagView.swift */,
			);
			path = Components;
			sourceTree = "<group>";
		};
		18167CB72AC1B679009C4DB9 /* Model */ = {
			isa = PBXGroup;
			children = (
				18167CB82AC1B6AF009C4DB9 /* SearchedImages.swift */,
				18167CBA2AC1B719009C4DB9 /* SearchedImageItem.swift */,
				18167CC02AC1BADA009C4DB9 /* SearchedImageDomainModel.swift */,
			);
			path = Model;
			sourceTree = "<group>";
		};
		18167CBC2AC1B9D3009C4DB9 /* Coordinator */ = {
			isa = PBXGroup;
			children = (
				18A5993F2AC12C3A00891394 /* FlickrSearchImageCoordinator.swift */,
			);
			path = Coordinator;
			sourceTree = "<group>";
		};
		18167CBD2AC1B9E1009C4DB9 /* Views */ = {
			isa = PBXGroup;
			children = (
				18A599412AC12C7600891394 /* FlickrSearchImageHostingController.swift */,
				18A599432AC12CAE00891394 /* FlickrSearchImageView.swift */,
			);
			path = Views;
			sourceTree = "<group>";
		};
		18167CBE2AC1B9F6009C4DB9 /* ViewModel */ = {
			isa = PBXGroup;
			children = (
				18167CB12AC1A9B4009C4DB9 /* FlickrSearchImageViewModel.swift */,
			);
			path = ViewModel;
			sourceTree = "<group>";
		};
		18167CBF2AC1BA0D009C4DB9 /* Service */ = {
			isa = PBXGroup;
			children = (
				18167CB32AC1AAF4009C4DB9 /* FlickrSearchImageRepository.swift */,
				18167CB52AC1AC0B009C4DB9 /* FlickrSearchImageRequest.swift */,
			);
			path = Service;
			sourceTree = "<group>";
		};
		18167CD02AC26F22009C4DB9 /* Tokens */ = {
			isa = PBXGroup;
			children = (
				18167CD12AC26F8E009C4DB9 /* Fonts.swift */,
				18167CD32AC2712D009C4DB9 /* Colors.swift */,
			);
			path = Tokens;
			sourceTree = "<group>";
		};
		18167CE82AC28CF4009C4DB9 /* Shared */ = {
			isa = PBXGroup;
			children = (
				18167CE92AC28CF4009C4DB9 /* Mocks */,
			);
			path = Shared;
			sourceTree = "<group>";
		};
		18167CE92AC28CF4009C4DB9 /* Mocks */ = {
			isa = PBXGroup;
			children = (
				18167CEA2AC28CF4009C4DB9 /* AutoGeneratedMocks.swift */,
			);
			path = Mocks;
			sourceTree = "<group>";
		};
		18167CEC2AC29447009C4DB9 /* FlickrDetailImage */ = {
			isa = PBXGroup;
			children = (
				18167CF02AC294D3009C4DB9 /* ViewModel */,
				18167CED2AC294B7009C4DB9 /* View */,
			);
			path = FlickrDetailImage;
			sourceTree = "<group>";
		};
		18167CED2AC294B7009C4DB9 /* View */ = {
			isa = PBXGroup;
			children = (
				18167CEE2AC294CC009C4DB9 /* FlickrDetailImageView.swift */,
				18167CF52AC29819009C4DB9 /* FlickrDetailImageHostingController.swift */,
			);
			path = View;
			sourceTree = "<group>";
		};
		18167CF02AC294D3009C4DB9 /* ViewModel */ = {
			isa = PBXGroup;
			children = (
				18167CF12AC294E6009C4DB9 /* FlickrDetailImageViewModel.swift */,
			);
			path = ViewModel;
			sourceTree = "<group>";
		};
		18167CFB2AC2A634009C4DB9 /* Extensions */ = {
			isa = PBXGroup;
			children = (
				18167CFC2AC2A653009C4DB9 /* String+Extension.swift */,
			);
			path = Extensions;
			sourceTree = "<group>";
		};
		18A598E72AC1197800891394 = {
			isa = PBXGroup;
			children = (
				18167CE82AC28CF4009C4DB9 /* Shared */,
				18A598F22AC1197800891394 /* FlickrSearch */,
				18A599092AC1197A00891394 /* FlickrSearchTests */,
				18A599132AC1197A00891394 /* FlickrSearchUITests */,
				18A598F12AC1197800891394 /* Products */,
			);
			sourceTree = "<group>";
		};
		18A598F12AC1197800891394 /* Products */ = {
			isa = PBXGroup;
			children = (
				18A598F02AC1197800891394 /* FlickrSearch.app */,
				18A599062AC1197A00891394 /* FlickrSearchTests.xctest */,
				18A599102AC1197A00891394 /* FlickrSearchUITests.xctest */,
			);
			name = Products;
			sourceTree = "<group>";
		};
		18A598F22AC1197800891394 /* FlickrSearch */ = {
			isa = PBXGroup;
			children = (
				18167CFB2AC2A634009C4DB9 /* Extensions */,
				18167CAD2AC133FF009C4DB9 /* FlickrDS */,
				18167CBC2AC1B9D3009C4DB9 /* Coordinator */,
				18A5993B2AC12BCF00891394 /* Features */,
				18A5992E2AC1276E00891394 /* Network */,
				18A599242AC11B1200891394 /* Resources */,
				18A599232AC1199700891394 /* SupportingFiles */,
				18A598FE2AC1197A00891394 /* LaunchScreen.storyboard */,
			);
			path = FlickrSearch;
			sourceTree = "<group>";
		};
		18A599092AC1197A00891394 /* FlickrSearchTests */ = {
			isa = PBXGroup;
			children = (
				18167CDB2AC2856A009C4DB9 /* FlickrSearchImageViewModelTests.swift */,
			);
			path = FlickrSearchTests;
			sourceTree = "<group>";
		};
		18A599132AC1197A00891394 /* FlickrSearchUITests */ = {
			isa = PBXGroup;
			children = (
				18A599142AC1197A00891394 /* FlickrSearchUITests.swift */,
				18A599162AC1197A00891394 /* FlickrSearchUITestsLaunchTests.swift */,
			);
			path = FlickrSearchUITests;
			sourceTree = "<group>";
		};
		18A599232AC1199700891394 /* SupportingFiles */ = {
			isa = PBXGroup;
			children = (
				18A599012AC1197A00891394 /* Info.plist */,
				18A598F32AC1197800891394 /* AppDelegate.swift */,
				18A598F52AC1197800891394 /* SceneDelegate.swift */,
				18A598FC2AC1197A00891394 /* Images.xcassets */,
				18A599262AC11B5200891394 /* Colors.xcassets */,
				18A5992C2AC11B8500891394 /* Localizable.strings */,
			);
			path = SupportingFiles;
			sourceTree = "<group>";
		};
		18A599242AC11B1200891394 /* Resources */ = {
			isa = PBXGroup;
			children = (
				18A599252AC11B1A00891394 /* Generated */,
			);
			path = Resources;
			sourceTree = "<group>";
		};
		18A599252AC11B1A00891394 /* Generated */ = {
			isa = PBXGroup;
			children = (
				18A599372AC12A0800891394 /* Assets.swift */,
				18A599382AC12A0800891394 /* Strings.swift */,
			);
			path = Generated;
			sourceTree = "<group>";
		};
		18A5992E2AC1276E00891394 /* Network */ = {
			isa = PBXGroup;
			children = (
				18A5992F2AC127EC00891394 /* FlickrSearchClientProtocol.swift */,
				18A599312AC1288900891394 /* FlickrSearchApiError.swift */,
				18A599332AC1291200891394 /* FlickrSearchApi.swift */,
				18A599352AC1295400891394 /* FlickrSearchNetworkClient.swift */,
			);
			path = Network;
			sourceTree = "<group>";
		};
		18A5993B2AC12BCF00891394 /* Features */ = {
			isa = PBXGroup;
			children = (
				18167CEC2AC29447009C4DB9 /* FlickrDetailImage */,
				18A5993E2AC12C2100891394 /* FlickrSearchImage */,
			);
			path = Features;
			sourceTree = "<group>";
		};
		18A5993E2AC12C2100891394 /* FlickrSearchImage */ = {
			isa = PBXGroup;
			children = (
				18167CBF2AC1BA0D009C4DB9 /* Service */,
				18167CBE2AC1B9F6009C4DB9 /* ViewModel */,
				18167CBD2AC1B9E1009C4DB9 /* Views */,
				18167CB72AC1B679009C4DB9 /* Model */,
			);
			path = FlickrSearchImage;
			sourceTree = "<group>";
		};
/* End PBXGroup section */

/* Begin PBXNativeTarget section */
		18A598EF2AC1197800891394 /* FlickrSearch */ = {
			isa = PBXNativeTarget;
			buildConfigurationList = 18A5991A2AC1197A00891394 /* Build configuration list for PBXNativeTarget "FlickrSearch" */;
			buildPhases = (
				18A598EC2AC1197800891394 /* Sources */,
				18A598ED2AC1197800891394 /* Frameworks */,
				18A598EE2AC1197800891394 /* Resources */,
			);
			buildRules = (
			);
			dependencies = (
			);
			name = FlickrSearch;
			productName = FlickrSearch;
			productReference = 18A598F02AC1197800891394 /* FlickrSearch.app */;
			productType = "com.apple.product-type.application";
		};
		18A599052AC1197A00891394 /* FlickrSearchTests */ = {
			isa = PBXNativeTarget;
			buildConfigurationList = 18A5991D2AC1197A00891394 /* Build configuration list for PBXNativeTarget "FlickrSearchTests" */;
			buildPhases = (
				18A599022AC1197A00891394 /* Sources */,
				18A599032AC1197A00891394 /* Frameworks */,
				18A599042AC1197A00891394 /* Resources */,
			);
			buildRules = (
			);
			dependencies = (
				18A599082AC1197A00891394 /* PBXTargetDependency */,
			);
			name = FlickrSearchTests;
			productName = FlickrSearchTests;
			productReference = 18A599062AC1197A00891394 /* FlickrSearchTests.xctest */;
			productType = "com.apple.product-type.bundle.unit-test";
		};
		18A5990F2AC1197A00891394 /* FlickrSearchUITests */ = {
			isa = PBXNativeTarget;
			buildConfigurationList = 18A599202AC1197A00891394 /* Build configuration list for PBXNativeTarget "FlickrSearchUITests" */;
			buildPhases = (
				18A5990C2AC1197A00891394 /* Sources */,
				18A5990D2AC1197A00891394 /* Frameworks */,
				18A5990E2AC1197A00891394 /* Resources */,
			);
			buildRules = (
			);
			dependencies = (
				18A599122AC1197A00891394 /* PBXTargetDependency */,
			);
			name = FlickrSearchUITests;
			productName = FlickrSearchUITests;
			productReference = 18A599102AC1197A00891394 /* FlickrSearchUITests.xctest */;
			productType = "com.apple.product-type.bundle.ui-testing";
		};
/* End PBXNativeTarget section */

/* Begin PBXProject section */
		18A598E82AC1197800891394 /* Project object */ = {
			isa = PBXProject;
			attributes = {
				BuildIndependentTargetsInParallel = 1;
				LastSwiftUpdateCheck = 1500;
				LastUpgradeCheck = 1500;
				TargetAttributes = {
					18A598EF2AC1197800891394 = {
						CreatedOnToolsVersion = 15.0;
					};
					18A599052AC1197A00891394 = {
						CreatedOnToolsVersion = 15.0;
						TestTargetID = 18A598EF2AC1197800891394;
					};
					18A5990F2AC1197A00891394 = {
						CreatedOnToolsVersion = 15.0;
						TestTargetID = 18A598EF2AC1197800891394;
					};
				};
			};
			buildConfigurationList = 18A598EB2AC1197800891394 /* Build configuration list for PBXProject "FlickrSearch" */;
			compatibilityVersion = "Xcode 14.0";
			developmentRegion = en;
			hasScannedForEncodings = 0;
			knownRegions = (
				en,
				Base,
			);
			mainGroup = 18A598E72AC1197800891394;
			productRefGroup = 18A598F12AC1197800891394 /* Products */;
			projectDirPath = "";
			projectRoot = "";
			targets = (
				18A598EF2AC1197800891394 /* FlickrSearch */,
				18A599052AC1197A00891394 /* FlickrSearchTests */,
				18A5990F2AC1197A00891394 /* FlickrSearchUITests */,
			);
		};
/* End PBXProject section */

/* Begin PBXResourcesBuildPhase section */
		18A598EE2AC1197800891394 /* Resources */ = {
			isa = PBXResourcesBuildPhase;
			buildActionMask = 2147483647;
			files = (
				18A599272AC11B5200891394 /* Colors.xcassets in Resources */,
				18A5992A2AC11B8500891394 /* Localizable.strings in Resources */,
				18A599002AC1197A00891394 /* LaunchScreen.storyboard in Resources */,
				18A598FD2AC1197A00891394 /* Images.xcassets in Resources */,
			);
			runOnlyForDeploymentPostprocessing = 0;
		};
		18A599042AC1197A00891394 /* Resources */ = {
			isa = PBXResourcesBuildPhase;
			buildActionMask = 2147483647;
			files = (
			);
			runOnlyForDeploymentPostprocessing = 0;
		};
		18A5990E2AC1197A00891394 /* Resources */ = {
			isa = PBXResourcesBuildPhase;
			buildActionMask = 2147483647;
			files = (
			);
			runOnlyForDeploymentPostprocessing = 0;
		};
/* End PBXResourcesBuildPhase section */

/* Begin PBXSourcesBuildPhase section */
		18A598EC2AC1197800891394 /* Sources */ = {
			isa = PBXSourcesBuildPhase;
			buildActionMask = 2147483647;
			files = (
				18A599362AC1295400891394 /* FlickrSearchNetworkClient.swift in Sources */,
				18167CD42AC2712D009C4DB9 /* Colors.swift in Sources */,
				18167CEF2AC294CC009C4DB9 /* FlickrDetailImageView.swift in Sources */,
				18167CB62AC1AC0B009C4DB9 /* FlickrSearchImageRequest.swift in Sources */,
				18A599392AC12A0800891394 /* Assets.swift in Sources */,
				18167CD82AC27D06009C4DB9 /* ListEmptyView.swift in Sources */,
				18167CB92AC1B6AF009C4DB9 /* SearchedImages.swift in Sources */,
				18167CC12AC1BADB009C4DB9 /* SearchedImageDomainModel.swift in Sources */,
				18A5993A2AC12A0800891394 /* Strings.swift in Sources */,
				18167CD22AC26F8E009C4DB9 /* Fonts.swift in Sources */,
				18167CF62AC29819009C4DB9 /* FlickrDetailImageHostingController.swift in Sources */,
				18167CFA2AC2A1A2009C4DB9 /* TagView.swift in Sources */,
				18A599442AC12CAE00891394 /* FlickrSearchImageView.swift in Sources */,
				18A599342AC1291200891394 /* FlickrSearchApi.swift in Sources */,
				18167CD62AC277BA009C4DB9 /* ImageCardView.swift in Sources */,
				18167CF82AC29D96009C4DB9 /* CardDetailsView.swift in Sources */,
				18167CCF2AC26DCA009C4DB9 /* TextView.swift in Sources */,
				18167CB02AC13426009C4DB9 /* SearchBar.swift in Sources */,
				18A598F42AC1197800891394 /* AppDelegate.swift in Sources */,
				18A599302AC127EC00891394 /* FlickrSearchClientProtocol.swift in Sources */,
				18A599322AC1288900891394 /* FlickrSearchApiError.swift in Sources */,
				18167CBB2AC1B719009C4DB9 /* SearchedImageItem.swift in Sources */,
				18167CF22AC294E6009C4DB9 /* FlickrDetailImageViewModel.swift in Sources */,
				18167CB22AC1A9B4009C4DB9 /* FlickrSearchImageViewModel.swift in Sources */,
				18167CB42AC1AAF4009C4DB9 /* FlickrSearchImageRepository.swift in Sources */,
				18A599402AC12C3A00891394 /* FlickrSearchImageCoordinator.swift in Sources */,
				18A598F62AC1197800891394 /* SceneDelegate.swift in Sources */,
				18167CFD2AC2A653009C4DB9 /* String+Extension.swift in Sources */,
				18A599422AC12C7600891394 /* FlickrSearchImageHostingController.swift in Sources */,
			);
			runOnlyForDeploymentPostprocessing = 0;
		};
		18A599022AC1197A00891394 /* Sources */ = {
			isa = PBXSourcesBuildPhase;
			buildActionMask = 2147483647;
			files = (
				18167CEB2AC28CF4009C4DB9 /* AutoGeneratedMocks.swift in Sources */,
				18167CDC2AC2856A009C4DB9 /* FlickrSearchImageViewModelTests.swift in Sources */,
			);
			runOnlyForDeploymentPostprocessing = 0;
		};
		18A5990C2AC1197A00891394 /* Sources */ = {
			isa = PBXSourcesBuildPhase;
			buildActionMask = 2147483647;
			files = (
				18A599152AC1197A00891394 /* FlickrSearchUITests.swift in Sources */,
				18A599172AC1197A00891394 /* FlickrSearchUITestsLaunchTests.swift in Sources */,
			);
			runOnlyForDeploymentPostprocessing = 0;
		};
/* End PBXSourcesBuildPhase section */

/* Begin PBXTargetDependency section */
		18A599082AC1197A00891394 /* PBXTargetDependency */ = {
			isa = PBXTargetDependency;
			target = 18A598EF2AC1197800891394 /* FlickrSearch */;
			targetProxy = 18A599072AC1197A00891394 /* PBXContainerItemProxy */;
		};
		18A599122AC1197A00891394 /* PBXTargetDependency */ = {
			isa = PBXTargetDependency;
			target = 18A598EF2AC1197800891394 /* FlickrSearch */;
			targetProxy = 18A599112AC1197A00891394 /* PBXContainerItemProxy */;
		};
/* End PBXTargetDependency section */

/* Begin PBXVariantGroup section */
		18A598FE2AC1197A00891394 /* LaunchScreen.storyboard */ = {
			isa = PBXVariantGroup;
			children = (
				18A598FF2AC1197A00891394 /* Base */,
			);
			name = LaunchScreen.storyboard;
			sourceTree = "<group>";
		};
		18A5992C2AC11B8500891394 /* Localizable.strings */ = {
			isa = PBXVariantGroup;
			children = (
				18A5992B2AC11B8500891394 /* en */,
			);
			name = Localizable.strings;
			sourceTree = "<group>";
		};
/* End PBXVariantGroup section */

/* Begin XCBuildConfiguration section */
		18A599182AC1197A00891394 /* Debug */ = {
			isa = XCBuildConfiguration;
			buildSettings = {
				ALWAYS_SEARCH_USER_PATHS = NO;
				ASSETCATALOG_COMPILER_GENERATE_SWIFT_ASSET_SYMBOL_EXTENSIONS = YES;
				CLANG_ANALYZER_NONNULL = YES;
				CLANG_ANALYZER_NUMBER_OBJECT_CONVERSION = YES_AGGRESSIVE;
				CLANG_CXX_LANGUAGE_STANDARD = "gnu++20";
				CLANG_ENABLE_MODULES = YES;
				CLANG_ENABLE_OBJC_ARC = YES;
				CLANG_ENABLE_OBJC_WEAK = YES;
				CLANG_WARN_BLOCK_CAPTURE_AUTORELEASING = YES;
				CLANG_WARN_BOOL_CONVERSION = YES;
				CLANG_WARN_COMMA = YES;
				CLANG_WARN_CONSTANT_CONVERSION = YES;
				CLANG_WARN_DEPRECATED_OBJC_IMPLEMENTATIONS = YES;
				CLANG_WARN_DIRECT_OBJC_ISA_USAGE = YES_ERROR;
				CLANG_WARN_DOCUMENTATION_COMMENTS = YES;
				CLANG_WARN_EMPTY_BODY = YES;
				CLANG_WARN_ENUM_CONVERSION = YES;
				CLANG_WARN_INFINITE_RECURSION = YES;
				CLANG_WARN_INT_CONVERSION = YES;
				CLANG_WARN_NON_LITERAL_NULL_CONVERSION = YES;
				CLANG_WARN_OBJC_IMPLICIT_RETAIN_SELF = YES;
				CLANG_WARN_OBJC_LITERAL_CONVERSION = YES;
				CLANG_WARN_OBJC_ROOT_CLASS = YES_ERROR;
				CLANG_WARN_QUOTED_INCLUDE_IN_FRAMEWORK_HEADER = YES;
				CLANG_WARN_RANGE_LOOP_ANALYSIS = YES;
				CLANG_WARN_STRICT_PROTOTYPES = YES;
				CLANG_WARN_SUSPICIOUS_MOVE = YES;
				CLANG_WARN_UNGUARDED_AVAILABILITY = YES_AGGRESSIVE;
				CLANG_WARN_UNREACHABLE_CODE = YES;
				CLANG_WARN__DUPLICATE_METHOD_MATCH = YES;
				COPY_PHASE_STRIP = NO;
				DEBUG_INFORMATION_FORMAT = dwarf;
				ENABLE_STRICT_OBJC_MSGSEND = YES;
				ENABLE_TESTABILITY = YES;
				ENABLE_USER_SCRIPT_SANDBOXING = YES;
				GCC_C_LANGUAGE_STANDARD = gnu17;
				GCC_DYNAMIC_NO_PIC = NO;
				GCC_NO_COMMON_BLOCKS = YES;
				GCC_OPTIMIZATION_LEVEL = 0;
				GCC_PREPROCESSOR_DEFINITIONS = (
					"DEBUG=1",
					"$(inherited)",
				);
				GCC_WARN_64_TO_32_BIT_CONVERSION = YES;
				GCC_WARN_ABOUT_RETURN_TYPE = YES_ERROR;
				GCC_WARN_UNDECLARED_SELECTOR = YES;
				GCC_WARN_UNINITIALIZED_AUTOS = YES_AGGRESSIVE;
				GCC_WARN_UNUSED_FUNCTION = YES;
				GCC_WARN_UNUSED_VARIABLE = YES;
				IPHONEOS_DEPLOYMENT_TARGET = 16.0;
				LOCALIZATION_PREFERS_STRING_CATALOGS = YES;
				MTL_ENABLE_DEBUG_INFO = INCLUDE_SOURCE;
				MTL_FAST_MATH = YES;
				ONLY_ACTIVE_ARCH = YES;
				SDKROOT = iphoneos;
				SWIFT_ACTIVE_COMPILATION_CONDITIONS = "DEBUG $(inherited)";
				SWIFT_OPTIMIZATION_LEVEL = "-Onone";
			};
			name = Debug;
		};
		18A599192AC1197A00891394 /* Release */ = {
			isa = XCBuildConfiguration;
			buildSettings = {
				ALWAYS_SEARCH_USER_PATHS = NO;
				ASSETCATALOG_COMPILER_GENERATE_SWIFT_ASSET_SYMBOL_EXTENSIONS = YES;
				CLANG_ANALYZER_NONNULL = YES;
				CLANG_ANALYZER_NUMBER_OBJECT_CONVERSION = YES_AGGRESSIVE;
				CLANG_CXX_LANGUAGE_STANDARD = "gnu++20";
				CLANG_ENABLE_MODULES = YES;
				CLANG_ENABLE_OBJC_ARC = YES;
				CLANG_ENABLE_OBJC_WEAK = YES;
				CLANG_WARN_BLOCK_CAPTURE_AUTORELEASING = YES;
				CLANG_WARN_BOOL_CONVERSION = YES;
				CLANG_WARN_COMMA = YES;
				CLANG_WARN_CONSTANT_CONVERSION = YES;
				CLANG_WARN_DEPRECATED_OBJC_IMPLEMENTATIONS = YES;
				CLANG_WARN_DIRECT_OBJC_ISA_USAGE = YES_ERROR;
				CLANG_WARN_DOCUMENTATION_COMMENTS = YES;
				CLANG_WARN_EMPTY_BODY = YES;
				CLANG_WARN_ENUM_CONVERSION = YES;
				CLANG_WARN_INFINITE_RECURSION = YES;
				CLANG_WARN_INT_CONVERSION = YES;
				CLANG_WARN_NON_LITERAL_NULL_CONVERSION = YES;
				CLANG_WARN_OBJC_IMPLICIT_RETAIN_SELF = YES;
				CLANG_WARN_OBJC_LITERAL_CONVERSION = YES;
				CLANG_WARN_OBJC_ROOT_CLASS = YES_ERROR;
				CLANG_WARN_QUOTED_INCLUDE_IN_FRAMEWORK_HEADER = YES;
				CLANG_WARN_RANGE_LOOP_ANALYSIS = YES;
				CLANG_WARN_STRICT_PROTOTYPES = YES;
				CLANG_WARN_SUSPICIOUS_MOVE = YES;
				CLANG_WARN_UNGUARDED_AVAILABILITY = YES_AGGRESSIVE;
				CLANG_WARN_UNREACHABLE_CODE = YES;
				CLANG_WARN__DUPLICATE_METHOD_MATCH = YES;
				COPY_PHASE_STRIP = NO;
				DEBUG_INFORMATION_FORMAT = "dwarf-with-dsym";
				ENABLE_NS_ASSERTIONS = NO;
				ENABLE_STRICT_OBJC_MSGSEND = YES;
				ENABLE_USER_SCRIPT_SANDBOXING = YES;
				GCC_C_LANGUAGE_STANDARD = gnu17;
				GCC_NO_COMMON_BLOCKS = YES;
				GCC_WARN_64_TO_32_BIT_CONVERSION = YES;
				GCC_WARN_ABOUT_RETURN_TYPE = YES_ERROR;
				GCC_WARN_UNDECLARED_SELECTOR = YES;
				GCC_WARN_UNINITIALIZED_AUTOS = YES_AGGRESSIVE;
				GCC_WARN_UNUSED_FUNCTION = YES;
				GCC_WARN_UNUSED_VARIABLE = YES;
				IPHONEOS_DEPLOYMENT_TARGET = 16.0;
				LOCALIZATION_PREFERS_STRING_CATALOGS = YES;
				MTL_ENABLE_DEBUG_INFO = NO;
				MTL_FAST_MATH = YES;
				SDKROOT = iphoneos;
				SWIFT_COMPILATION_MODE = wholemodule;
				VALIDATE_PRODUCT = YES;
			};
			name = Release;
		};
		18A5991B2AC1197A00891394 /* Debug */ = {
			isa = XCBuildConfiguration;
			buildSettings = {
				ASSETCATALOG_COMPILER_APPICON_NAME = AppIcon;
				ASSETCATALOG_COMPILER_GLOBAL_ACCENT_COLOR_NAME = AccentColor;
				CODE_SIGN_STYLE = Automatic;
				CURRENT_PROJECT_VERSION = 1;
				DEVELOPMENT_TEAM = 9B4XV2S66B;
				GENERATE_INFOPLIST_FILE = YES;
				INFOPLIST_FILE = FlickrSearch/SupportingFiles/Info.plist;
				INFOPLIST_KEY_UIApplicationSupportsIndirectInputEvents = YES;
				INFOPLIST_KEY_UILaunchStoryboardName = "";
				INFOPLIST_KEY_UISupportedInterfaceOrientations_iPad = "UIInterfaceOrientationPortrait UIInterfaceOrientationPortraitUpsideDown UIInterfaceOrientationLandscapeLeft UIInterfaceOrientationLandscapeRight";
				INFOPLIST_KEY_UISupportedInterfaceOrientations_iPhone = "UIInterfaceOrientationPortrait UIInterfaceOrientationLandscapeLeft UIInterfaceOrientationLandscapeRight";
				LD_RUNPATH_SEARCH_PATHS = (
					"$(inherited)",
					"@executable_path/Frameworks",
				);
				MARKETING_VERSION = 1.0;
				PRODUCT_BUNDLE_IDENTIFIER = com.thiagosantiago.FlickrSearch;
				PRODUCT_NAME = "$(TARGET_NAME)";
				SUPPORTED_PLATFORMS = "iphoneos iphonesimulator";
				SUPPORTS_MACCATALYST = NO;
				SUPPORTS_MAC_DESIGNED_FOR_IPHONE_IPAD = NO;
				SWIFT_EMIT_LOC_STRINGS = YES;
				SWIFT_VERSION = 5.0;
				TARGETED_DEVICE_FAMILY = 1;
			};
			name = Debug;
		};
		18A5991C2AC1197A00891394 /* Release */ = {
			isa = XCBuildConfiguration;
			buildSettings = {
				ASSETCATALOG_COMPILER_APPICON_NAME = AppIcon;
				ASSETCATALOG_COMPILER_GLOBAL_ACCENT_COLOR_NAME = AccentColor;
				CODE_SIGN_STYLE = Automatic;
				CURRENT_PROJECT_VERSION = 1;
				DEVELOPMENT_TEAM = 9B4XV2S66B;
				GENERATE_INFOPLIST_FILE = YES;
				INFOPLIST_FILE = FlickrSearch/SupportingFiles/Info.plist;
				INFOPLIST_KEY_UIApplicationSupportsIndirectInputEvents = YES;
				INFOPLIST_KEY_UILaunchStoryboardName = "";
				INFOPLIST_KEY_UISupportedInterfaceOrientations_iPad = "UIInterfaceOrientationPortrait UIInterfaceOrientationPortraitUpsideDown UIInterfaceOrientationLandscapeLeft UIInterfaceOrientationLandscapeRight";
				INFOPLIST_KEY_UISupportedInterfaceOrientations_iPhone = "UIInterfaceOrientationPortrait UIInterfaceOrientationLandscapeLeft UIInterfaceOrientationLandscapeRight";
				LD_RUNPATH_SEARCH_PATHS = (
					"$(inherited)",
					"@executable_path/Frameworks",
				);
				MARKETING_VERSION = 1.0;
				PRODUCT_BUNDLE_IDENTIFIER = com.thiagosantiago.FlickrSearch;
				PRODUCT_NAME = "$(TARGET_NAME)";
				SUPPORTED_PLATFORMS = "iphoneos iphonesimulator";
				SUPPORTS_MACCATALYST = NO;
				SUPPORTS_MAC_DESIGNED_FOR_IPHONE_IPAD = NO;
				SWIFT_EMIT_LOC_STRINGS = YES;
				SWIFT_VERSION = 5.0;
				TARGETED_DEVICE_FAMILY = 1;
			};
			name = Release;
		};
		18A5991E2AC1197A00891394 /* Debug */ = {
			isa = XCBuildConfiguration;
			buildSettings = {
				ALWAYS_EMBED_SWIFT_STANDARD_LIBRARIES = YES;
				BUNDLE_LOADER = "$(TEST_HOST)";
				CODE_SIGN_STYLE = Automatic;
				CURRENT_PROJECT_VERSION = 1;
				DEVELOPMENT_TEAM = 9B4XV2S66B;
				GENERATE_INFOPLIST_FILE = YES;
				IPHONEOS_DEPLOYMENT_TARGET = 17.0;
				MARKETING_VERSION = 1.0;
				PRODUCT_BUNDLE_IDENTIFIER = com.thiagosantiago.FlickrSearchTests;
				PRODUCT_NAME = "$(TARGET_NAME)";
				SWIFT_EMIT_LOC_STRINGS = NO;
				SWIFT_VERSION = 5.0;
				TARGETED_DEVICE_FAMILY = "1,2";
				TEST_HOST = "$(BUILT_PRODUCTS_DIR)/FlickrSearch.app/$(BUNDLE_EXECUTABLE_FOLDER_PATH)/FlickrSearch";
			};
			name = Debug;
		};
		18A5991F2AC1197A00891394 /* Release */ = {
			isa = XCBuildConfiguration;
			buildSettings = {
				ALWAYS_EMBED_SWIFT_STANDARD_LIBRARIES = YES;
				BUNDLE_LOADER = "$(TEST_HOST)";
				CODE_SIGN_STYLE = Automatic;
				CURRENT_PROJECT_VERSION = 1;
				DEVELOPMENT_TEAM = 9B4XV2S66B;
				GENERATE_INFOPLIST_FILE = YES;
				IPHONEOS_DEPLOYMENT_TARGET = 17.0;
				MARKETING_VERSION = 1.0;
				PRODUCT_BUNDLE_IDENTIFIER = com.thiagosantiago.FlickrSearchTests;
				PRODUCT_NAME = "$(TARGET_NAME)";
				SWIFT_EMIT_LOC_STRINGS = NO;
				SWIFT_VERSION = 5.0;
				TARGETED_DEVICE_FAMILY = "1,2";
				TEST_HOST = "$(BUILT_PRODUCTS_DIR)/FlickrSearch.app/$(BUNDLE_EXECUTABLE_FOLDER_PATH)/FlickrSearch";
			};
			name = Release;
		};
		18A599212AC1197A00891394 /* Debug */ = {
			isa = XCBuildConfiguration;
			buildSettings = {
				ALWAYS_EMBED_SWIFT_STANDARD_LIBRARIES = YES;
				CODE_SIGN_STYLE = Automatic;
				CURRENT_PROJECT_VERSION = 1;
				DEVELOPMENT_TEAM = 9B4XV2S66B;
				GENERATE_INFOPLIST_FILE = YES;
				MARKETING_VERSION = 1.0;
				PRODUCT_BUNDLE_IDENTIFIER = com.thiagosantiago.FlickrSearchUITests;
				PRODUCT_NAME = "$(TARGET_NAME)";
				SWIFT_EMIT_LOC_STRINGS = NO;
				SWIFT_VERSION = 5.0;
				TARGETED_DEVICE_FAMILY = "1,2";
				TEST_TARGET_NAME = FlickrSearch;
			};
			name = Debug;
		};
		18A599222AC1197A00891394 /* Release */ = {
			isa = XCBuildConfiguration;
			buildSettings = {
				ALWAYS_EMBED_SWIFT_STANDARD_LIBRARIES = YES;
				CODE_SIGN_STYLE = Automatic;
				CURRENT_PROJECT_VERSION = 1;
				DEVELOPMENT_TEAM = 9B4XV2S66B;
				GENERATE_INFOPLIST_FILE = YES;
				MARKETING_VERSION = 1.0;
				PRODUCT_BUNDLE_IDENTIFIER = com.thiagosantiago.FlickrSearchUITests;
				PRODUCT_NAME = "$(TARGET_NAME)";
				SWIFT_EMIT_LOC_STRINGS = NO;
				SWIFT_VERSION = 5.0;
				TARGETED_DEVICE_FAMILY = "1,2";
				TEST_TARGET_NAME = FlickrSearch;
			};
			name = Release;
		};
/* End XCBuildConfiguration section */

/* Begin XCConfigurationList section */
		18A598EB2AC1197800891394 /* Build configuration list for PBXProject "FlickrSearch" */ = {
			isa = XCConfigurationList;
			buildConfigurations = (
				18A599182AC1197A00891394 /* Debug */,
				18A599192AC1197A00891394 /* Release */,
			);
			defaultConfigurationIsVisible = 0;
			defaultConfigurationName = Release;
		};
		18A5991A2AC1197A00891394 /* Build configuration list for PBXNativeTarget "FlickrSearch" */ = {
			isa = XCConfigurationList;
			buildConfigurations = (
				18A5991B2AC1197A00891394 /* Debug */,
				18A5991C2AC1197A00891394 /* Release */,
			);
			defaultConfigurationIsVisible = 0;
			defaultConfigurationName = Release;
		};
		18A5991D2AC1197A00891394 /* Build configuration list for PBXNativeTarget "FlickrSearchTests" */ = {
			isa = XCConfigurationList;
			buildConfigurations = (
				18A5991E2AC1197A00891394 /* Debug */,
				18A5991F2AC1197A00891394 /* Release */,
			);
			defaultConfigurationIsVisible = 0;
			defaultConfigurationName = Release;
		};
		18A599202AC1197A00891394 /* Build configuration list for PBXNativeTarget "FlickrSearchUITests" */ = {
			isa = XCConfigurationList;
			buildConfigurations = (
				18A599212AC1197A00891394 /* Debug */,
				18A599222AC1197A00891394 /* Release */,
			);
			defaultConfigurationIsVisible = 0;
			defaultConfigurationName = Release;
		};
/* End XCConfigurationList section */
	};
	rootObject = 18A598E82AC1197800891394 /* Project object */;
}
